
Microsoft Visual Studio Solution File, Format Version 12.00
# Visual Studio 2013
VisualStudioVersion = 12.0.31101.0
MinimumVisualStudioVersion = 10.0.40219.1
Project("{2150E333-8FDC-42A3-9474-1A3956D46DE8}") = "立库管理", "立库管理", "{11A15E8E-5BB5-4855-9D11-3CD555837985}"
EndProject
Project("{2150E333-8FDC-42A3-9474-1A3956D46DE8}") = "基础类", "基础类", "{48E76C82-7974-450D-8CD0-657EED71E553}"
EndProject
Project("{2150E333-8FDC-42A3-9474-1A3956D46DE8}") = "控制", "控制", "{4D321672-9900-4AB8-8197-2EC3DE8FC1C3}"
EndProject
Project("{2150E333-8FDC-42A3-9474-1A3956D46DE8}") = "Apps", "Apps", "{71CCDFEE-F414-4E6D-B9E2-C64747551DDC}"
EndProject
Project("{FAE04EC0-301F-11D3-BF4B-00C04F79EFBC}") = "AsrsStorage", "立库管理\AsrsStorage\AsrsStorage.csproj", "{8A7A0760-711D-4778-963A-97A48BA23765}"
EndProject
Project("{FAE04EC0-301F-11D3-BF4B-00C04F79EFBC}") = "AsrsStorDBAcc", "立库管理\AsrsStorDBAcc\AsrsStorDBAcc.csproj", "{A1285A1E-D238-467B-89B2-BCF58BB4D2EE}"
EndProject
Project("{FAE04EC0-301F-11D3-BF4B-00C04F79EFBC}") = "ASRSStorManage", "立库管理\ASRSStorManage\ASRSStorManage.csproj", "{944D95F5-15BD-4C79-8D35-0DE37100AD36}"
EndProject
Project("{FAE04EC0-301F-11D3-BF4B-00C04F79EFBC}") = "FlowCtlBaseModel", "基础类\PLProcessModel\FlowCtlBaseModel.csproj", "{178D26DF-C682-42D8-AEAB-C816111B69C6}"
EndProject
Project("{FAE04EC0-301F-11D3-BF4B-00C04F79EFBC}") = "ModuleCrossPnP", "基础类\ModuleAttachInterface\ModuleCrossPnP.csproj", "{8EBCDA91-8A16-46FA-84BD-784982F9EAC8}"
EndProject
Project("{FAE04EC0-301F-11D3-BF4B-00C04F79EFBC}") = "LicenceManager", "基础类\LicenceManager\LicenceManager.csproj", "{785AA2AA-CC7E-408B-B61C-2DFB906D1797}"
EndProject
Project("{FAE04EC0-301F-11D3-BF4B-00C04F79EFBC}") = "LogInterface", "基础类\LogInterface\LogInterface.csproj", "{F929E2C2-43ED-4D7E-8426-356B0EC3C540}"
EndProject
Project("{FAE04EC0-301F-11D3-BF4B-00C04F79EFBC}") = "CtlDBAccess", "控制\CtlDBAccess\CtlDBAccess.csproj", "{2180A519-31FE-4C19-8D39-A4DFEC26CF9A}"
EndProject
Project("{FAE04EC0-301F-11D3-BF4B-00C04F79EFBC}") = "MesDBAccess", "控制\MesDBAccess\MesDBAccess.csproj", "{6861EE48-2C2C-4034-8930-181EBE48CC7A}"
EndProject
Project("{FAE04EC0-301F-11D3-BF4B-00C04F79EFBC}") = "SysCfg", "基础类\SysCfgModel\SysCfg.csproj", "{CA19B9F8-8521-40C8-8918-33B15B2935D2}"
EndProject
Project("{FAE04EC0-301F-11D3-BF4B-00C04F79EFBC}") = "AsrsInterface", "控制\AsrsInterface\AsrsInterface.csproj", "{3A9AD116-CA47-465E-AB89-3AB3346CB661}"
EndProject
Project("{FAE04EC0-301F-11D3-BF4B-00C04F79EFBC}") = "AsrsControl", "控制\AsrsControl\AsrsControl.csproj", "{1178AD55-557B-454B-98C6-60C262434666}"
EndProject
Project("{FAE04EC0-301F-11D3-BF4B-00C04F79EFBC}") = "AsrsModel", "控制\AsrsModel\AsrsModel.csproj", "{5A6FA1E2-2E9B-4FAF-93EC-BC6E1EF370DE}"
EndProject
Project("{FAE04EC0-301F-11D3-BF4B-00C04F79EFBC}") = "CtlManage", "控制\DevManage\CtlManage.csproj", "{8784B37E-5893-4914-83AB-37BE05054128}"
EndProject
Project("{2150E333-8FDC-42A3-9474-1A3956D46DE8}") = "常用视图", "常用视图", "{22F89540-18C7-41C6-8D93-DE3672383B17}"
EndProject
Project("{FAE04EC0-301F-11D3-BF4B-00C04F79EFBC}") = "WESAoyou", "Apps\WESAoyouApp\WESAoyou\WESAoyou.csproj", "{39ADE9BB-4A74-4246-B24B-BDAFBD28B92B}"
EndProject
Project("{FAE04EC0-301F-11D3-BF4B-00C04F79EFBC}") = "PrcsCtlModelsAoyou", "Apps\WESAoyouApp\PrcsCtlModels\PrcsCtlModelsAoyou.csproj", "{362F4D48-1622-4FA6-B26E-5F2B58A9949B}"
EndProject
Project("{FAE04EC0-301F-11D3-BF4B-00C04F79EFBC}") = "LogManage", "常用视图\LogManage\LogManage.csproj", "{F7B5E062-39A2-49A7-9233-21150F3DFB09}"
EndProject
Project("{FAE04EC0-301F-11D3-BF4B-00C04F79EFBC}") = "ProductRecordView", "常用视图\ProductRecordView\ProductRecordView.csproj", "{7324889C-E198-4959-903A-4D183C356CB3}"
EndProject
Project("{FAE04EC0-301F-11D3-BF4B-00C04F79EFBC}") = "MonitorViews", "控制\MonitorViews\MonitorViews.csproj", "{6644F06B-8FEB-431B-9020-AC91FD93CCE6}"
EndProject
Project("{FAE04EC0-301F-11D3-BF4B-00C04F79EFBC}") = "CtlMonitorInterface", "控制\CtlMonitorInterface\CtlMonitorInterface.csproj", "{4863621A-2226-4318-8B40-CCEB8FEB390C}"
EndProject
Project("{2150E333-8FDC-42A3-9474-1A3956D46DE8}") = "WESAoyouApp", "WESAoyouApp", "{8D77D164-614E-4965-B89D-D0E0FF3D2B8E}"
EndProject
Project("{2150E333-8FDC-42A3-9474-1A3956D46DE8}") = "WESLishenApp", "WESLishenApp", "{4AA35604-4C2B-493C-8503-59D49B886DDD}"
EndProject
Project("{FAE04EC0-301F-11D3-BF4B-00C04F79EFBC}") = "PrcsCtlModelsLishen", "Apps\WESLishenApp\PrcsCtlModelsLishen\PrcsCtlModelsLishen.csproj", "{0BA9CC14-B5FB-4B0A-A99F-61365AD715D2}"
EndProject
Project("{FAE04EC0-301F-11D3-BF4B-00C04F79EFBC}") = "WESLishen", "Apps\WESLishenApp\WESLishen\WESLishen.csproj", "{BD56CA46-59BB-479B-B621-2C4A28FF42F2}"
EndProject
Project("{FAE04EC0-301F-11D3-BF4B-00C04F79EFBC}") = "AsrsExtctlSvc", "Apps\WESAoyouApp\AsrsExtctlSvc\AsrsExtctlSvc.csproj", "{0FDDA5E5-253B-4C23-8A5C-953FF0B0DC3D}"
EndProject
Project("{FAE04EC0-301F-11D3-BF4B-00C04F79EFBC}") = "CreateKey", "Apps\CreateKey\CreateKey.csproj", "{F87116B4-1B95-408B-8506-709C92F7B650}"
EndProject
Project("{FAE04EC0-301F-11D3-BF4B-00C04F79EFBC}") = "AsrsUtil", "AsrsUtil\AsrsUtil.csproj", "{98EE1522-BEA7-4CA7-94CF-56F4C986EF3F}"
EndProject
Project("{FAE04EC0-301F-11D3-BF4B-00C04F79EFBC}") = "ConfigManage", "Apps\WESAoyouApp\ConfigManage\ConfigManage.csproj", "{5AB1D7F4-0D37-4D6D-9939-1D6026CD33FD}"
EndProject
Project("{FAE04EC0-301F-11D3-BF4B-00C04F79EFBC}") = "WESAoyouMonitor", "Apps\WESAoyouApp\WESAoyouMonitor\WESAoyouMonitor.csproj", "{7FBBB635-16FF-4E06-B818-35A1D28323ED}"
EndProject
Project("{FAE04EC0-301F-11D3-BF4B-00C04F79EFBC}") = "LishenMesDBAccess", "Apps\WESLishenApp\LishenMesDBAccess\LishenMesDBAccess.csproj", "{586582C7-C074-4413-B660-EF6BE03A9E12}"
EndProject
Project("{FAE04EC0-301F-11D3-BF4B-00C04F79EFBC}") = "ConfigManage", "Apps\WESLishenApp\ConfigManage\ConfigManage.csproj", "{26E78563-D27E-4464-95D8-D8D4D71E0AEF}"
EndProject
Global
	GlobalSection(SolutionConfigurationPlatforms) = preSolution
		Debug|Any CPU = Debug|Any CPU
		Debug|Mixed Platforms = Debug|Mixed Platforms
		Debug|x86 = Debug|x86
		Release|Any CPU = Release|Any CPU
		Release|Mixed Platforms = Release|Mixed Platforms
		Release|x86 = Release|x86
	EndGlobalSection
	GlobalSection(ProjectConfigurationPlatforms) = postSolution
		{8A7A0760-711D-4778-963A-97A48BA23765}.Debug|Any CPU.ActiveCfg = Debug|Any CPU
		{8A7A0760-711D-4778-963A-97A48BA23765}.Debug|Any CPU.Build.0 = Debug|Any CPU
		{8A7A0760-711D-4778-963A-97A48BA23765}.Debug|Mixed Platforms.ActiveCfg = Debug|x86
		{8A7A0760-711D-4778-963A-97A48BA23765}.Debug|Mixed Platforms.Build.0 = Debug|x86
		{8A7A0760-711D-4778-963A-97A48BA23765}.Debug|x86.ActiveCfg = Debug|x86
		{8A7A0760-711D-4778-963A-97A48BA23765}.Debug|x86.Build.0 = Debug|x86
		{8A7A0760-711D-4778-963A-97A48BA23765}.Release|Any CPU.ActiveCfg = Release|Any CPU
		{8A7A0760-711D-4778-963A-97A48BA23765}.Release|Any CPU.Build.0 = Release|Any CPU
		{8A7A0760-711D-4778-963A-97A48BA23765}.Release|Mixed Platforms.ActiveCfg = Release|x86
		{8A7A0760-711D-4778-963A-97A48BA23765}.Release|Mixed Platforms.Build.0 = Release|x86
		{8A7A0760-711D-4778-963A-97A48BA23765}.Release|x86.ActiveCfg = Release|x86
		{8A7A0760-711D-4778-963A-97A48BA23765}.Release|x86.Build.0 = Release|x86
		{A1285A1E-D238-467B-89B2-BCF58BB4D2EE}.Debug|Any CPU.ActiveCfg = Debug|Any CPU
		{A1285A1E-D238-467B-89B2-BCF58BB4D2EE}.Debug|Any CPU.Build.0 = Debug|Any CPU
		{A1285A1E-D238-467B-89B2-BCF58BB4D2EE}.Debug|Mixed Platforms.ActiveCfg = Debug|x86
		{A1285A1E-D238-467B-89B2-BCF58BB4D2EE}.Debug|Mixed Platforms.Build.0 = Debug|x86
		{A1285A1E-D238-467B-89B2-BCF58BB4D2EE}.Debug|x86.ActiveCfg = Debug|x86
		{A1285A1E-D238-467B-89B2-BCF58BB4D2EE}.Debug|x86.Build.0 = Debug|x86
		{A1285A1E-D238-467B-89B2-BCF58BB4D2EE}.Release|Any CPU.ActiveCfg = Release|Any CPU
		{A1285A1E-D238-467B-89B2-BCF58BB4D2EE}.Release|Any CPU.Build.0 = Release|Any CPU
		{A1285A1E-D238-467B-89B2-BCF58BB4D2EE}.Release|Mixed Platforms.ActiveCfg = Release|x86
		{A1285A1E-D238-467B-89B2-BCF58BB4D2EE}.Release|Mixed Platforms.Build.0 = Release|x86
		{A1285A1E-D238-467B-89B2-BCF58BB4D2EE}.Release|x86.ActiveCfg = Release|x86
		{A1285A1E-D238-467B-89B2-BCF58BB4D2EE}.Release|x86.Build.0 = Release|x86
		{944D95F5-15BD-4C79-8D35-0DE37100AD36}.Debug|Any CPU.ActiveCfg = Debug|Any CPU
		{944D95F5-15BD-4C79-8D35-0DE37100AD36}.Debug|Any CPU.Build.0 = Debug|Any CPU
		{944D95F5-15BD-4C79-8D35-0DE37100AD36}.Debug|Mixed Platforms.ActiveCfg = Debug|x86
		{944D95F5-15BD-4C79-8D35-0DE37100AD36}.Debug|Mixed Platforms.Build.0 = Debug|x86
		{944D95F5-15BD-4C79-8D35-0DE37100AD36}.Debug|x86.ActiveCfg = Debug|x86
		{944D95F5-15BD-4C79-8D35-0DE37100AD36}.Debug|x86.Build.0 = Debug|x86
		{944D95F5-15BD-4C79-8D35-0DE37100AD36}.Release|Any CPU.ActiveCfg = Release|Any CPU
		{944D95F5-15BD-4C79-8D35-0DE37100AD36}.Release|Any CPU.Build.0 = Release|Any CPU
		{944D95F5-15BD-4C79-8D35-0DE37100AD36}.Release|Mixed Platforms.ActiveCfg = Release|x86
		{944D95F5-15BD-4C79-8D35-0DE37100AD36}.Release|Mixed Platforms.Build.0 = Release|x86
		{944D95F5-15BD-4C79-8D35-0DE37100AD36}.Release|x86.ActiveCfg = Release|x86
		{944D95F5-15BD-4C79-8D35-0DE37100AD36}.Release|x86.Build.0 = Release|x86
		{178D26DF-C682-42D8-AEAB-C816111B69C6}.Debug|Any CPU.ActiveCfg = Debug|Any CPU
		{178D26DF-C682-42D8-AEAB-C816111B69C6}.Debug|Any CPU.Build.0 = Debug|Any CPU
		{178D26DF-C682-42D8-AEAB-C816111B69C6}.Debug|Mixed Platforms.ActiveCfg = Debug|x86
		{178D26DF-C682-42D8-AEAB-C816111B69C6}.Debug|Mixed Platforms.Build.0 = Debug|x86
		{178D26DF-C682-42D8-AEAB-C816111B69C6}.Debug|x86.ActiveCfg = Debug|x86
		{178D26DF-C682-42D8-AEAB-C816111B69C6}.Debug|x86.Build.0 = Debug|x86
		{178D26DF-C682-42D8-AEAB-C816111B69C6}.Release|Any CPU.ActiveCfg = Release|Any CPU
		{178D26DF-C682-42D8-AEAB-C816111B69C6}.Release|Any CPU.Build.0 = Release|Any CPU
		{178D26DF-C682-42D8-AEAB-C816111B69C6}.Release|Mixed Platforms.ActiveCfg = Release|x86
		{178D26DF-C682-42D8-AEAB-C816111B69C6}.Release|Mixed Platforms.Build.0 = Release|x86
		{178D26DF-C682-42D8-AEAB-C816111B69C6}.Release|x86.ActiveCfg = Release|x86
		{178D26DF-C682-42D8-AEAB-C816111B69C6}.Release|x86.Build.0 = Release|x86
		{8EBCDA91-8A16-46FA-84BD-784982F9EAC8}.Debug|Any CPU.ActiveCfg = Debug|Any CPU
		{8EBCDA91-8A16-46FA-84BD-784982F9EAC8}.Debug|Any CPU.Build.0 = Debug|Any CPU
		{8EBCDA91-8A16-46FA-84BD-784982F9EAC8}.Debug|Mixed Platforms.ActiveCfg = Debug|x86
		{8EBCDA91-8A16-46FA-84BD-784982F9EAC8}.Debug|Mixed Platforms.Build.0 = Debug|x86
		{8EBCDA91-8A16-46FA-84BD-784982F9EAC8}.Debug|x86.ActiveCfg = Debug|x86
		{8EBCDA91-8A16-46FA-84BD-784982F9EAC8}.Debug|x86.Build.0 = Debug|x86
		{8EBCDA91-8A16-46FA-84BD-784982F9EAC8}.Release|Any CPU.ActiveCfg = Release|Any CPU
		{8EBCDA91-8A16-46FA-84BD-784982F9EAC8}.Release|Any CPU.Build.0 = Release|Any CPU
		{8EBCDA91-8A16-46FA-84BD-784982F9EAC8}.Release|Mixed Platforms.ActiveCfg = Release|x86
		{8EBCDA91-8A16-46FA-84BD-784982F9EAC8}.Release|Mixed Platforms.Build.0 = Release|x86
		{8EBCDA91-8A16-46FA-84BD-784982F9EAC8}.Release|x86.ActiveCfg = Release|x86
		{8EBCDA91-8A16-46FA-84BD-784982F9EAC8}.Release|x86.Build.0 = Release|x86
		{785AA2AA-CC7E-408B-B61C-2DFB906D1797}.Debug|Any CPU.ActiveCfg = Debug|Any CPU
		{785AA2AA-CC7E-408B-B61C-2DFB906D1797}.Debug|Any CPU.Build.0 = Debug|Any CPU
		{785AA2AA-CC7E-408B-B61C-2DFB906D1797}.Debug|Mixed Platforms.ActiveCfg = Debug|x86
		{785AA2AA-CC7E-408B-B61C-2DFB906D1797}.Debug|Mixed Platforms.Build.0 = Debug|x86
		{785AA2AA-CC7E-408B-B61C-2DFB906D1797}.Debug|x86.ActiveCfg = Debug|x86
		{785AA2AA-CC7E-408B-B61C-2DFB906D1797}.Debug|x86.Build.0 = Debug|x86
		{785AA2AA-CC7E-408B-B61C-2DFB906D1797}.Release|Any CPU.ActiveCfg = Release|Any CPU
		{785AA2AA-CC7E-408B-B61C-2DFB906D1797}.Release|Any CPU.Build.0 = Release|Any CPU
		{785AA2AA-CC7E-408B-B61C-2DFB906D1797}.Release|Mixed Platforms.ActiveCfg = Release|x86
		{785AA2AA-CC7E-408B-B61C-2DFB906D1797}.Release|Mixed Platforms.Build.0 = Release|x86
		{785AA2AA-CC7E-408B-B61C-2DFB906D1797}.Release|x86.ActiveCfg = Release|x86
		{785AA2AA-CC7E-408B-B61C-2DFB906D1797}.Release|x86.Build.0 = Release|x86
		{F929E2C2-43ED-4D7E-8426-356B0EC3C540}.Debug|Any CPU.ActiveCfg = Debug|Any CPU
		{F929E2C2-43ED-4D7E-8426-356B0EC3C540}.Debug|Any CPU.Build.0 = Debug|Any CPU
		{F929E2C2-43ED-4D7E-8426-356B0EC3C540}.Debug|Mixed Platforms.ActiveCfg = Debug|x86
		{F929E2C2-43ED-4D7E-8426-356B0EC3C540}.Debug|Mixed Platforms.Build.0 = Debug|x86
		{F929E2C2-43ED-4D7E-8426-356B0EC3C540}.Debug|x86.ActiveCfg = Debug|x86
		{F929E2C2-43ED-4D7E-8426-356B0EC3C540}.Debug|x86.Build.0 = Debug|x86
		{F929E2C2-43ED-4D7E-8426-356B0EC3C540}.Release|Any CPU.ActiveCfg = Release|Any CPU
		{F929E2C2-43ED-4D7E-8426-356B0EC3C540}.Release|Any CPU.Build.0 = Release|Any CPU
		{F929E2C2-43ED-4D7E-8426-356B0EC3C540}.Release|Mixed Platforms.ActiveCfg = Release|x86
		{F929E2C2-43ED-4D7E-8426-356B0EC3C540}.Release|Mixed Platforms.Build.0 = Release|x86
		{F929E2C2-43ED-4D7E-8426-356B0EC3C540}.Release|x86.ActiveCfg = Release|x86
		{F929E2C2-43ED-4D7E-8426-356B0EC3C540}.Release|x86.Build.0 = Release|x86
		{2180A519-31FE-4C19-8D39-A4DFEC26CF9A}.Debug|Any CPU.ActiveCfg = Debug|Any CPU
		{2180A519-31FE-4C19-8D39-A4DFEC26CF9A}.Debug|Any CPU.Build.0 = Debug|Any CPU
		{2180A519-31FE-4C19-8D39-A4DFEC26CF9A}.Debug|Mixed Platforms.ActiveCfg = Debug|x86
		{2180A519-31FE-4C19-8D39-A4DFEC26CF9A}.Debug|Mixed Platforms.Build.0 = Debug|x86
		{2180A519-31FE-4C19-8D39-A4DFEC26CF9A}.Debug|x86.ActiveCfg = Debug|x86
		{2180A519-31FE-4C19-8D39-A4DFEC26CF9A}.Debug|x86.Build.0 = Debug|x86
		{2180A519-31FE-4C19-8D39-A4DFEC26CF9A}.Release|Any CPU.ActiveCfg = Release|Any CPU
		{2180A519-31FE-4C19-8D39-A4DFEC26CF9A}.Release|Any CPU.Build.0 = Release|Any CPU
		{2180A519-31FE-4C19-8D39-A4DFEC26CF9A}.Release|Mixed Platforms.ActiveCfg = Release|x86
		{2180A519-31FE-4C19-8D39-A4DFEC26CF9A}.Release|Mixed Platforms.Build.0 = Release|x86
		{2180A519-31FE-4C19-8D39-A4DFEC26CF9A}.Release|x86.ActiveCfg = Release|x86
		{2180A519-31FE-4C19-8D39-A4DFEC26CF9A}.Release|x86.Build.0 = Release|x86
		{6861EE48-2C2C-4034-8930-181EBE48CC7A}.Debug|Any CPU.ActiveCfg = Debug|Any CPU
		{6861EE48-2C2C-4034-8930-181EBE48CC7A}.Debug|Any CPU.Build.0 = Debug|Any CPU
		{6861EE48-2C2C-4034-8930-181EBE48CC7A}.Debug|Mixed Platforms.ActiveCfg = Debug|x86
		{6861EE48-2C2C-4034-8930-181EBE48CC7A}.Debug|Mixed Platforms.Build.0 = Debug|x86
		{6861EE48-2C2C-4034-8930-181EBE48CC7A}.Debug|x86.ActiveCfg = Debug|x86
		{6861EE48-2C2C-4034-8930-181EBE48CC7A}.Debug|x86.Build.0 = Debug|x86
		{6861EE48-2C2C-4034-8930-181EBE48CC7A}.Release|Any CPU.ActiveCfg = Release|Any CPU
		{6861EE48-2C2C-4034-8930-181EBE48CC7A}.Release|Any CPU.Build.0 = Release|Any CPU
		{6861EE48-2C2C-4034-8930-181EBE48CC7A}.Release|Mixed Platforms.ActiveCfg = Release|x86
		{6861EE48-2C2C-4034-8930-181EBE48CC7A}.Release|Mixed Platforms.Build.0 = Release|x86
		{6861EE48-2C2C-4034-8930-181EBE48CC7A}.Release|x86.ActiveCfg = Release|x86
		{6861EE48-2C2C-4034-8930-181EBE48CC7A}.Release|x86.Build.0 = Release|x86
		{CA19B9F8-8521-40C8-8918-33B15B2935D2}.Debug|Any CPU.ActiveCfg = Debug|Any CPU
		{CA19B9F8-8521-40C8-8918-33B15B2935D2}.Debug|Any CPU.Build.0 = Debug|Any CPU
		{CA19B9F8-8521-40C8-8918-33B15B2935D2}.Debug|Mixed Platforms.ActiveCfg = Debug|x86
		{CA19B9F8-8521-40C8-8918-33B15B2935D2}.Debug|Mixed Platforms.Build.0 = Debug|x86
		{CA19B9F8-8521-40C8-8918-33B15B2935D2}.Debug|x86.ActiveCfg = Debug|x86
		{CA19B9F8-8521-40C8-8918-33B15B2935D2}.Debug|x86.Build.0 = Debug|x86
		{CA19B9F8-8521-40C8-8918-33B15B2935D2}.Release|Any CPU.ActiveCfg = Release|Any CPU
		{CA19B9F8-8521-40C8-8918-33B15B2935D2}.Release|Any CPU.Build.0 = Release|Any CPU
		{CA19B9F8-8521-40C8-8918-33B15B2935D2}.Release|Mixed Platforms.ActiveCfg = Release|x86
		{CA19B9F8-8521-40C8-8918-33B15B2935D2}.Release|Mixed Platforms.Build.0 = Release|x86
		{CA19B9F8-8521-40C8-8918-33B15B2935D2}.Release|x86.ActiveCfg = Release|x86
		{CA19B9F8-8521-40C8-8918-33B15B2935D2}.Release|x86.Build.0 = Release|x86
		{3A9AD116-CA47-465E-AB89-3AB3346CB661}.Debug|Any CPU.ActiveCfg = Debug|Any CPU
		{3A9AD116-CA47-465E-AB89-3AB3346CB661}.Debug|Any CPU.Build.0 = Debug|Any CPU
		{3A9AD116-CA47-465E-AB89-3AB3346CB661}.Debug|Mixed Platforms.ActiveCfg = Debug|x86
		{3A9AD116-CA47-465E-AB89-3AB3346CB661}.Debug|Mixed Platforms.Build.0 = Debug|x86
		{3A9AD116-CA47-465E-AB89-3AB3346CB661}.Debug|x86.ActiveCfg = Debug|x86
		{3A9AD116-CA47-465E-AB89-3AB3346CB661}.Debug|x86.Build.0 = Debug|x86
		{3A9AD116-CA47-465E-AB89-3AB3346CB661}.Release|Any CPU.ActiveCfg = Release|Any CPU
		{3A9AD116-CA47-465E-AB89-3AB3346CB661}.Release|Any CPU.Build.0 = Release|Any CPU
		{3A9AD116-CA47-465E-AB89-3AB3346CB661}.Release|Mixed Platforms.ActiveCfg = Release|x86
		{3A9AD116-CA47-465E-AB89-3AB3346CB661}.Release|Mixed Platforms.Build.0 = Release|x86
		{3A9AD116-CA47-465E-AB89-3AB3346CB661}.Release|x86.ActiveCfg = Release|x86
		{3A9AD116-CA47-465E-AB89-3AB3346CB661}.Release|x86.Build.0 = Release|x86
		{1178AD55-557B-454B-98C6-60C262434666}.Debug|Any CPU.ActiveCfg = Debug|Any CPU
		{1178AD55-557B-454B-98C6-60C262434666}.Debug|Any CPU.Build.0 = Debug|Any CPU
		{1178AD55-557B-454B-98C6-60C262434666}.Debug|Mixed Platforms.ActiveCfg = Debug|x86
		{1178AD55-557B-454B-98C6-60C262434666}.Debug|Mixed Platforms.Build.0 = Debug|x86
		{1178AD55-557B-454B-98C6-60C262434666}.Debug|x86.ActiveCfg = Debug|x86
		{1178AD55-557B-454B-98C6-60C262434666}.Debug|x86.Build.0 = Debug|x86
		{1178AD55-557B-454B-98C6-60C262434666}.Release|Any CPU.ActiveCfg = Release|Any CPU
		{1178AD55-557B-454B-98C6-60C262434666}.Release|Any CPU.Build.0 = Release|Any CPU
		{1178AD55-557B-454B-98C6-60C262434666}.Release|Mixed Platforms.ActiveCfg = Release|x86
		{1178AD55-557B-454B-98C6-60C262434666}.Release|Mixed Platforms.Build.0 = Release|x86
		{1178AD55-557B-454B-98C6-60C262434666}.Release|x86.ActiveCfg = Release|x86
		{1178AD55-557B-454B-98C6-60C262434666}.Release|x86.Build.0 = Release|x86
		{5A6FA1E2-2E9B-4FAF-93EC-BC6E1EF370DE}.Debug|Any CPU.ActiveCfg = Debug|Any CPU
		{5A6FA1E2-2E9B-4FAF-93EC-BC6E1EF370DE}.Debug|Any CPU.Build.0 = Debug|Any CPU
		{5A6FA1E2-2E9B-4FAF-93EC-BC6E1EF370DE}.Debug|Mixed Platforms.ActiveCfg = Debug|x86
		{5A6FA1E2-2E9B-4FAF-93EC-BC6E1EF370DE}.Debug|Mixed Platforms.Build.0 = Debug|x86
		{5A6FA1E2-2E9B-4FAF-93EC-BC6E1EF370DE}.Debug|x86.ActiveCfg = Debug|x86
		{5A6FA1E2-2E9B-4FAF-93EC-BC6E1EF370DE}.Debug|x86.Build.0 = Debug|x86
		{5A6FA1E2-2E9B-4FAF-93EC-BC6E1EF370DE}.Release|Any CPU.ActiveCfg = Release|Any CPU
		{5A6FA1E2-2E9B-4FAF-93EC-BC6E1EF370DE}.Release|Any CPU.Build.0 = Release|Any CPU
		{5A6FA1E2-2E9B-4FAF-93EC-BC6E1EF370DE}.Release|Mixed Platforms.ActiveCfg = Release|x86
		{5A6FA1E2-2E9B-4FAF-93EC-BC6E1EF370DE}.Release|Mixed Platforms.Build.0 = Release|x86
		{5A6FA1E2-2E9B-4FAF-93EC-BC6E1EF370DE}.Release|x86.ActiveCfg = Release|x86
		{5A6FA1E2-2E9B-4FAF-93EC-BC6E1EF370DE}.Release|x86.Build.0 = Release|x86
		{8784B37E-5893-4914-83AB-37BE05054128}.Debug|Any CPU.ActiveCfg = Debug|Any CPU
		{8784B37E-5893-4914-83AB-37BE05054128}.Debug|Any CPU.Build.0 = Debug|Any CPU
		{8784B37E-5893-4914-83AB-37BE05054128}.Debug|Mixed Platforms.ActiveCfg = Debug|Any CPU
		{8784B37E-5893-4914-83AB-37BE05054128}.Debug|Mixed Platforms.Build.0 = Debug|Any CPU
		{8784B37E-5893-4914-83AB-37BE05054128}.Debug|x86.ActiveCfg = Debug|Any CPU
		{8784B37E-5893-4914-83AB-37BE05054128}.Release|Any CPU.ActiveCfg = Release|Any CPU
		{8784B37E-5893-4914-83AB-37BE05054128}.Release|Any CPU.Build.0 = Release|Any CPU
		{8784B37E-5893-4914-83AB-37BE05054128}.Release|Mixed Platforms.ActiveCfg = Release|Any CPU
		{8784B37E-5893-4914-83AB-37BE05054128}.Release|Mixed Platforms.Build.0 = Release|Any CPU
		{8784B37E-5893-4914-83AB-37BE05054128}.Release|x86.ActiveCfg = Release|x86
		{8784B37E-5893-4914-83AB-37BE05054128}.Release|x86.Build.0 = Release|x86
		{39ADE9BB-4A74-4246-B24B-BDAFBD28B92B}.Debug|Any CPU.ActiveCfg = Debug|Any CPU
		{39ADE9BB-4A74-4246-B24B-BDAFBD28B92B}.Debug|Any CPU.Build.0 = Debug|Any CPU
		{39ADE9BB-4A74-4246-B24B-BDAFBD28B92B}.Debug|Mixed Platforms.ActiveCfg = Debug|Any CPU
		{39ADE9BB-4A74-4246-B24B-BDAFBD28B92B}.Debug|Mixed Platforms.Build.0 = Debug|Any CPU
		{39ADE9BB-4A74-4246-B24B-BDAFBD28B92B}.Debug|x86.ActiveCfg = Debug|Any CPU
		{39ADE9BB-4A74-4246-B24B-BDAFBD28B92B}.Release|Any CPU.ActiveCfg = Release|Any CPU
		{39ADE9BB-4A74-4246-B24B-BDAFBD28B92B}.Release|Any CPU.Build.0 = Release|Any CPU
		{39ADE9BB-4A74-4246-B24B-BDAFBD28B92B}.Release|Mixed Platforms.ActiveCfg = Release|Any CPU
		{39ADE9BB-4A74-4246-B24B-BDAFBD28B92B}.Release|Mixed Platforms.Build.0 = Release|Any CPU
		{39ADE9BB-4A74-4246-B24B-BDAFBD28B92B}.Release|x86.ActiveCfg = Release|x86
		{39ADE9BB-4A74-4246-B24B-BDAFBD28B92B}.Release|x86.Build.0 = Release|x86
		{362F4D48-1622-4FA6-B26E-5F2B58A9949B}.Debug|Any CPU.ActiveCfg = Debug|Any CPU
		{362F4D48-1622-4FA6-B26E-5F2B58A9949B}.Debug|Any CPU.Build.0 = Debug|Any CPU
		{362F4D48-1622-4FA6-B26E-5F2B58A9949B}.Debug|Mixed Platforms.ActiveCfg = Debug|x86
		{362F4D48-1622-4FA6-B26E-5F2B58A9949B}.Debug|Mixed Platforms.Build.0 = Debug|x86
		{362F4D48-1622-4FA6-B26E-5F2B58A9949B}.Debug|x86.ActiveCfg = Debug|x86
		{362F4D48-1622-4FA6-B26E-5F2B58A9949B}.Debug|x86.Build.0 = Debug|x86
		{362F4D48-1622-4FA6-B26E-5F2B58A9949B}.Release|Any CPU.ActiveCfg = Release|Any CPU
		{362F4D48-1622-4FA6-B26E-5F2B58A9949B}.Release|Any CPU.Build.0 = Release|Any CPU
		{362F4D48-1622-4FA6-B26E-5F2B58A9949B}.Release|Mixed Platforms.ActiveCfg = Release|x86
		{362F4D48-1622-4FA6-B26E-5F2B58A9949B}.Release|Mixed Platforms.Build.0 = Release|x86
		{362F4D48-1622-4FA6-B26E-5F2B58A9949B}.Release|x86.ActiveCfg = Release|x86
		{362F4D48-1622-4FA6-B26E-5F2B58A9949B}.Release|x86.Build.0 = Release|x86
		{F7B5E062-39A2-49A7-9233-21150F3DFB09}.Debug|Any CPU.ActiveCfg = Debug|Any CPU
		{F7B5E062-39A2-49A7-9233-21150F3DFB09}.Debug|Any CPU.Build.0 = Debug|Any CPU
		{F7B5E062-39A2-49A7-9233-21150F3DFB09}.Debug|Mixed Platforms.ActiveCfg = Debug|x86
		{F7B5E062-39A2-49A7-9233-21150F3DFB09}.Debug|Mixed Platforms.Build.0 = Debug|x86
		{F7B5E062-39A2-49A7-9233-21150F3DFB09}.Debug|x86.ActiveCfg = Debug|x86
		{F7B5E062-39A2-49A7-9233-21150F3DFB09}.Debug|x86.Build.0 = Debug|x86
		{F7B5E062-39A2-49A7-9233-21150F3DFB09}.Release|Any CPU.ActiveCfg = Release|Any CPU
		{F7B5E062-39A2-49A7-9233-21150F3DFB09}.Release|Any CPU.Build.0 = Release|Any CPU
		{F7B5E062-39A2-49A7-9233-21150F3DFB09}.Release|Mixed Platforms.ActiveCfg = Release|x86
		{F7B5E062-39A2-49A7-9233-21150F3DFB09}.Release|Mixed Platforms.Build.0 = Release|x86
		{F7B5E062-39A2-49A7-9233-21150F3DFB09}.Release|x86.ActiveCfg = Release|x86
		{F7B5E062-39A2-49A7-9233-21150F3DFB09}.Release|x86.Build.0 = Release|x86
		{7324889C-E198-4959-903A-4D183C356CB3}.Debug|Any CPU.ActiveCfg = Debug|Any CPU
		{7324889C-E198-4959-903A-4D183C356CB3}.Debug|Any CPU.Build.0 = Debug|Any CPU
		{7324889C-E198-4959-903A-4D183C356CB3}.Debug|Mixed Platforms.ActiveCfg = Debug|x86
		{7324889C-E198-4959-903A-4D183C356CB3}.Debug|Mixed Platforms.Build.0 = Debug|x86
		{7324889C-E198-4959-903A-4D183C356CB3}.Debug|x86.ActiveCfg = Debug|x86
		{7324889C-E198-4959-903A-4D183C356CB3}.Debug|x86.Build.0 = Debug|x86
		{7324889C-E198-4959-903A-4D183C356CB3}.Release|Any CPU.ActiveCfg = Release|Any CPU
		{7324889C-E198-4959-903A-4D183C356CB3}.Release|Any CPU.Build.0 = Release|Any CPU
		{7324889C-E198-4959-903A-4D183C356CB3}.Release|Mixed Platforms.ActiveCfg = Release|x86
		{7324889C-E198-4959-903A-4D183C356CB3}.Release|Mixed Platforms.Build.0 = Release|x86
		{7324889C-E198-4959-903A-4D183C356CB3}.Release|x86.ActiveCfg = Release|x86
		{7324889C-E198-4959-903A-4D183C356CB3}.Release|x86.Build.0 = Release|x86
		{6644F06B-8FEB-431B-9020-AC91FD93CCE6}.Debug|Any CPU.ActiveCfg = Debug|Any CPU
		{6644F06B-8FEB-431B-9020-AC91FD93CCE6}.Debug|Any CPU.Build.0 = Debug|Any CPU
		{6644F06B-8FEB-431B-9020-AC91FD93CCE6}.Debug|Mixed Platforms.ActiveCfg = Debug|Any CPU
		{6644F06B-8FEB-431B-9020-AC91FD93CCE6}.Debug|Mixed Platforms.Build.0 = Debug|Any CPU
		{6644F06B-8FEB-431B-9020-AC91FD93CCE6}.Debug|x86.ActiveCfg = Debug|Any CPU
		{6644F06B-8FEB-431B-9020-AC91FD93CCE6}.Release|Any CPU.ActiveCfg = Release|Any CPU
		{6644F06B-8FEB-431B-9020-AC91FD93CCE6}.Release|Any CPU.Build.0 = Release|Any CPU
		{6644F06B-8FEB-431B-9020-AC91FD93CCE6}.Release|Mixed Platforms.ActiveCfg = Release|Any CPU
		{6644F06B-8FEB-431B-9020-AC91FD93CCE6}.Release|Mixed Platforms.Build.0 = Release|Any CPU
		{6644F06B-8FEB-431B-9020-AC91FD93CCE6}.Release|x86.ActiveCfg = Release|x86
		{6644F06B-8FEB-431B-9020-AC91FD93CCE6}.Release|x86.Build.0 = Release|x86
		{4863621A-2226-4318-8B40-CCEB8FEB390C}.Debug|Any CPU.ActiveCfg = Debug|Any CPU
		{4863621A-2226-4318-8B40-CCEB8FEB390C}.Debug|Any CPU.Build.0 = Debug|Any CPU
		{4863621A-2226-4318-8B40-CCEB8FEB390C}.Debug|Mixed Platforms.ActiveCfg = Debug|Any CPU
		{4863621A-2226-4318-8B40-CCEB8FEB390C}.Debug|Mixed Platforms.Build.0 = Debug|Any CPU
		{4863621A-2226-4318-8B40-CCEB8FEB390C}.Debug|x86.ActiveCfg = Debug|Any CPU
		{4863621A-2226-4318-8B40-CCEB8FEB390C}.Release|Any CPU.ActiveCfg = Release|Any CPU
		{4863621A-2226-4318-8B40-CCEB8FEB390C}.Release|Any CPU.Build.0 = Release|Any CPU
		{4863621A-2226-4318-8B40-CCEB8FEB390C}.Release|Mixed Platforms.ActiveCfg = Release|Any CPU
		{4863621A-2226-4318-8B40-CCEB8FEB390C}.Release|Mixed Platforms.Build.0 = Release|Any CPU
		{4863621A-2226-4318-8B40-CCEB8FEB390C}.Release|x86.ActiveCfg = Release|x86
		{4863621A-2226-4318-8B40-CCEB8FEB390C}.Release|x86.Build.0 = Release|x86
		{0BA9CC14-B5FB-4B0A-A99F-61365AD715D2}.Debug|Any CPU.ActiveCfg = Debug|Any CPU
		{0BA9CC14-B5FB-4B0A-A99F-61365AD715D2}.Debug|Any CPU.Build.0 = Debug|Any CPU
		{0BA9CC14-B5FB-4B0A-A99F-61365AD715D2}.Debug|Mixed Platforms.ActiveCfg = Debug|x86
		{0BA9CC14-B5FB-4B0A-A99F-61365AD715D2}.Debug|Mixed Platforms.Build.0 = Debug|x86
		{0BA9CC14-B5FB-4B0A-A99F-61365AD715D2}.Debug|x86.ActiveCfg = Debug|x86
		{0BA9CC14-B5FB-4B0A-A99F-61365AD715D2}.Debug|x86.Build.0 = Debug|x86
		{0BA9CC14-B5FB-4B0A-A99F-61365AD715D2}.Release|Any CPU.ActiveCfg = Release|Any CPU
		{0BA9CC14-B5FB-4B0A-A99F-61365AD715D2}.Release|Any CPU.Build.0 = Release|Any CPU
		{0BA9CC14-B5FB-4B0A-A99F-61365AD715D2}.Release|Mixed Platforms.ActiveCfg = Release|x86
		{0BA9CC14-B5FB-4B0A-A99F-61365AD715D2}.Release|Mixed Platforms.Build.0 = Release|x86
		{0BA9CC14-B5FB-4B0A-A99F-61365AD715D2}.Release|x86.ActiveCfg = Release|x86
		{0BA9CC14-B5FB-4B0A-A99F-61365AD715D2}.Release|x86.Build.0 = Release|x86
		{BD56CA46-59BB-479B-B621-2C4A28FF42F2}.Debug|Any CPU.ActiveCfg = Debug|Any CPU
		{BD56CA46-59BB-479B-B621-2C4A28FF42F2}.Debug|Any CPU.Build.0 = Debug|Any CPU
		{BD56CA46-59BB-479B-B621-2C4A28FF42F2}.Debug|Mixed Platforms.ActiveCfg = Debug|Any CPU
		{BD56CA46-59BB-479B-B621-2C4A28FF42F2}.Debug|Mixed Platforms.Build.0 = Debug|Any CPU
		{BD56CA46-59BB-479B-B621-2C4A28FF42F2}.Debug|x86.ActiveCfg = Debug|Any CPU
		{BD56CA46-59BB-479B-B621-2C4A28FF42F2}.Release|Any CPU.ActiveCfg = Release|Any CPU
		{BD56CA46-59BB-479B-B621-2C4A28FF42F2}.Release|Any CPU.Build.0 = Release|Any CPU
		{BD56CA46-59BB-479B-B621-2C4A28FF42F2}.Release|Mixed Platforms.ActiveCfg = Release|Any CPU
		{BD56CA46-59BB-479B-B621-2C4A28FF42F2}.Release|Mixed Platforms.Build.0 = Release|Any CPU
		{BD56CA46-59BB-479B-B621-2C4A28FF42F2}.Release|x86.ActiveCfg = Release|x86
		{BD56CA46-59BB-479B-B621-2C4A28FF42F2}.Release|x86.Build.0 = Release|x86
		{0FDDA5E5-253B-4C23-8A5C-953FF0B0DC3D}.Debug|Any CPU.ActiveCfg = Debug|Any CPU
		{0FDDA5E5-253B-4C23-8A5C-953FF0B0DC3D}.Debug|Any CPU.Build.0 = Debug|Any CPU
		{0FDDA5E5-253B-4C23-8A5C-953FF0B0DC3D}.Debug|Mixed Platforms.ActiveCfg = Debug|Any CPU
		{0FDDA5E5-253B-4C23-8A5C-953FF0B0DC3D}.Debug|Mixed Platforms.Build.0 = Debug|Any CPU
		{0FDDA5E5-253B-4C23-8A5C-953FF0B0DC3D}.Debug|x86.ActiveCfg = Debug|Any CPU
		{0FDDA5E5-253B-4C23-8A5C-953FF0B0DC3D}.Release|Any CPU.ActiveCfg = Release|Any CPU
		{0FDDA5E5-253B-4C23-8A5C-953FF0B0DC3D}.Release|Any CPU.Build.0 = Release|Any CPU
		{0FDDA5E5-253B-4C23-8A5C-953FF0B0DC3D}.Release|Mixed Platforms.ActiveCfg = Release|Any CPU
		{0FDDA5E5-253B-4C23-8A5C-953FF0B0DC3D}.Release|Mixed Platforms.Build.0 = Release|Any CPU
		{0FDDA5E5-253B-4C23-8A5C-953FF0B0DC3D}.Release|x86.ActiveCfg = Release|x86
		{0FDDA5E5-253B-4C23-8A5C-953FF0B0DC3D}.Release|x86.Build.0 = Release|x86
		{F87116B4-1B95-408B-8506-709C92F7B650}.Debug|Any CPU.ActiveCfg = Debug|Any CPU
		{F87116B4-1B95-408B-8506-709C92F7B650}.Debug|Any CPU.Build.0 = Debug|Any CPU
		{F87116B4-1B95-408B-8506-709C92F7B650}.Debug|Mixed Platforms.ActiveCfg = Debug|x86
		{F87116B4-1B95-408B-8506-709C92F7B650}.Debug|Mixed Platforms.Build.0 = Debug|x86
		{F87116B4-1B95-408B-8506-709C92F7B650}.Debug|x86.ActiveCfg = Debug|x86
		{F87116B4-1B95-408B-8506-709C92F7B650}.Debug|x86.Build.0 = Debug|x86
		{F87116B4-1B95-408B-8506-709C92F7B650}.Release|Any CPU.ActiveCfg = Release|Any CPU
		{F87116B4-1B95-408B-8506-709C92F7B650}.Release|Any CPU.Build.0 = Release|Any CPU
		{F87116B4-1B95-408B-8506-709C92F7B650}.Release|Mixed Platforms.ActiveCfg = Release|x86
		{F87116B4-1B95-408B-8506-709C92F7B650}.Release|Mixed Platforms.Build.0 = Release|x86
		{F87116B4-1B95-408B-8506-709C92F7B650}.Release|x86.ActiveCfg = Release|x86
		{F87116B4-1B95-408B-8506-709C92F7B650}.Release|x86.Build.0 = Release|x86
		{98EE1522-BEA7-4CA7-94CF-56F4C986EF3F}.Debug|Any CPU.ActiveCfg = Debug|Any CPU
		{98EE1522-BEA7-4CA7-94CF-56F4C986EF3F}.Debug|Any CPU.Build.0 = Debug|Any CPU
		{98EE1522-BEA7-4CA7-94CF-56F4C986EF3F}.Debug|Mixed Platforms.ActiveCfg = Debug|Any CPU
		{98EE1522-BEA7-4CA7-94CF-56F4C986EF3F}.Debug|Mixed Platforms.Build.0 = Debug|Any CPU
		{98EE1522-BEA7-4CA7-94CF-56F4C986EF3F}.Debug|x86.ActiveCfg = Debug|Any CPU
		{98EE1522-BEA7-4CA7-94CF-56F4C986EF3F}.Release|Any CPU.ActiveCfg = Release|Any CPU
		{98EE1522-BEA7-4CA7-94CF-56F4C986EF3F}.Release|Any CPU.Build.0 = Release|Any CPU
		{98EE1522-BEA7-4CA7-94CF-56F4C986EF3F}.Release|Mixed Platforms.ActiveCfg = Release|Any CPU
		{98EE1522-BEA7-4CA7-94CF-56F4C986EF3F}.Release|Mixed Platforms.Build.0 = Release|Any CPU
		{98EE1522-BEA7-4CA7-94CF-56F4C986EF3F}.Release|x86.ActiveCfg = Release|x86
		{98EE1522-BEA7-4CA7-94CF-56F4C986EF3F}.Release|x86.Build.0 = Release|x86
		{5AB1D7F4-0D37-4D6D-9939-1D6026CD33FD}.Debug|Any CPU.ActiveCfg = Debug|Any CPU
		{5AB1D7F4-0D37-4D6D-9939-1D6026CD33FD}.Debug|Any CPU.Build.0 = Debug|Any CPU
		{5AB1D7F4-0D37-4D6D-9939-1D6026CD33FD}.Debug|Mixed Platforms.ActiveCfg = Debug|x86
		{5AB1D7F4-0D37-4D6D-9939-1D6026CD33FD}.Debug|Mixed Platforms.Build.0 = Debug|x86
		{5AB1D7F4-0D37-4D6D-9939-1D6026CD33FD}.Debug|x86.ActiveCfg = Debug|x86
		{5AB1D7F4-0D37-4D6D-9939-1D6026CD33FD}.Debug|x86.Build.0 = Debug|x86
		{5AB1D7F4-0D37-4D6D-9939-1D6026CD33FD}.Release|Any CPU.ActiveCfg = Release|Any CPU
		{5AB1D7F4-0D37-4D6D-9939-1D6026CD33FD}.Release|Any CPU.Build.0 = Release|Any CPU
		{5AB1D7F4-0D37-4D6D-9939-1D6026CD33FD}.Release|Mixed Platforms.ActiveCfg = Release|x86
		{5AB1D7F4-0D37-4D6D-9939-1D6026CD33FD}.Release|Mixed Platforms.Build.0 = Release|x86
		{5AB1D7F4-0D37-4D6D-9939-1D6026CD33FD}.Release|x86.ActiveCfg = Release|x86
		{5AB1D7F4-0D37-4D6D-9939-1D6026CD33FD}.Release|x86.Build.0 = Release|x86
		{7FBBB635-16FF-4E06-B818-35A1D28323ED}.Debug|Any CPU.ActiveCfg = Debug|Any CPU
		{7FBBB635-16FF-4E06-B818-35A1D28323ED}.Debug|Any CPU.Build.0 = Debug|Any CPU
		{7FBBB635-16FF-4E06-B818-35A1D28323ED}.Debug|Mixed Platforms.ActiveCfg = Debug|Any CPU
		{7FBBB635-16FF-4E06-B818-35A1D28323ED}.Debug|Mixed Platforms.Build.0 = Debug|Any CPU
		{7FBBB635-16FF-4E06-B818-35A1D28323ED}.Debug|x86.ActiveCfg = Debug|Any CPU
		{7FBBB635-16FF-4E06-B818-35A1D28323ED}.Release|Any CPU.ActiveCfg = Release|Any CPU
		{7FBBB635-16FF-4E06-B818-35A1D28323ED}.Release|Any CPU.Build.0 = Release|Any CPU
		{7FBBB635-16FF-4E06-B818-35A1D28323ED}.Release|Mixed Platforms.ActiveCfg = Release|Any CPU
		{7FBBB635-16FF-4E06-B818-35A1D28323ED}.Release|Mixed Platforms.Build.0 = Release|Any CPU
		{7FBBB635-16FF-4E06-B818-35A1D28323ED}.Release|x86.ActiveCfg = Release|x86
		{7FBBB635-16FF-4E06-B818-35A1D28323ED}.Release|x86.Build.0 = Release|x86
		{586582C7-C074-4413-B660-EF6BE03A9E12}.Debug|Any CPU.ActiveCfg = Debug|Any CPU
		{586582C7-C074-4413-B660-EF6BE03A9E12}.Debug|Any CPU.Build.0 = Debug|Any CPU
		{586582C7-C074-4413-B660-EF6BE03A9E12}.Debug|Mixed Platforms.ActiveCfg = Debug|Any CPU
		{586582C7-C074-4413-B660-EF6BE03A9E12}.Debug|Mixed Platforms.Build.0 = Debug|Any CPU
		{586582C7-C074-4413-B660-EF6BE03A9E12}.Debug|x86.ActiveCfg = Debug|Any CPU
		{586582C7-C074-4413-B660-EF6BE03A9E12}.Release|Any CPU.ActiveCfg = Release|Any CPU
		{586582C7-C074-4413-B660-EF6BE03A9E12}.Release|Any CPU.Build.0 = Release|Any CPU
		{586582C7-C074-4413-B660-EF6BE03A9E12}.Release|Mixed Platforms.ActiveCfg = Release|Any CPU
		{586582C7-C074-4413-B660-EF6BE03A9E12}.Release|Mixed Platforms.Build.0 = Release|Any CPU
		{586582C7-C074-4413-B660-EF6BE03A9E12}.Release|x86.ActiveCfg = Release|x86
		{586582C7-C074-4413-B660-EF6BE03A9E12}.Release|x86.Build.0 = Release|x86
		{26E78563-D27E-4464-95D8-D8D4D71E0AEF}.Debug|Any CPU.ActiveCfg = Debug|Any CPU
		{26E78563-D27E-4464-95D8-D8D4D71E0AEF}.Debug|Any CPU.Build.0 = Debug|Any CPU
		{26E78563-D27E-4464-95D8-D8D4D71E0AEF}.Debug|Mixed Platforms.ActiveCfg = Debug|x86
		{26E78563-D27E-4464-95D8-D8D4D71E0AEF}.Debug|Mixed Platforms.Build.0 = Debug|x86
		{26E78563-D27E-4464-95D8-D8D4D71E0AEF}.Debug|x86.ActiveCfg = Debug|x86
		{26E78563-D27E-4464-95D8-D8D4D71E0AEF}.Debug|x86.Build.0 = Debug|x86
		{26E78563-D27E-4464-95D8-D8D4D71E0AEF}.Release|Any CPU.ActiveCfg = Release|Any CPU
		{26E78563-D27E-4464-95D8-D8D4D71E0AEF}.Release|Any CPU.Build.0 = Release|Any CPU
		{26E78563-D27E-4464-95D8-D8D4D71E0AEF}.Release|Mixed Platforms.ActiveCfg = Release|x86
		{26E78563-D27E-4464-95D8-D8D4D71E0AEF}.Release|Mixed Platforms.Build.0 = Release|x86
		{26E78563-D27E-4464-95D8-D8D4D71E0AEF}.Release|x86.ActiveCfg = Release|x86
		{26E78563-D27E-4464-95D8-D8D4D71E0AEF}.Release|x86.Build.0 = Release|x86
	EndGlobalSection
	GlobalSection(SolutionProperties) = preSolution
		HideSolutionNode = FALSE
	EndGlobalSection
	GlobalSection(NestedProjects) = preSolution
		{8A7A0760-711D-4778-963A-97A48BA23765} = {11A15E8E-5BB5-4855-9D11-3CD555837985}
		{A1285A1E-D238-467B-89B2-BCF58BB4D2EE} = {11A15E8E-5BB5-4855-9D11-3CD555837985}
		{944D95F5-15BD-4C79-8D35-0DE37100AD36} = {11A15E8E-5BB5-4855-9D11-3CD555837985}
		{178D26DF-C682-42D8-AEAB-C816111B69C6} = {48E76C82-7974-450D-8CD0-657EED71E553}
		{8EBCDA91-8A16-46FA-84BD-784982F9EAC8} = {48E76C82-7974-450D-8CD0-657EED71E553}
		{785AA2AA-CC7E-408B-B61C-2DFB906D1797} = {48E76C82-7974-450D-8CD0-657EED71E553}
		{F929E2C2-43ED-4D7E-8426-356B0EC3C540} = {48E76C82-7974-450D-8CD0-657EED71E553}
		{2180A519-31FE-4C19-8D39-A4DFEC26CF9A} = {4D321672-9900-4AB8-8197-2EC3DE8FC1C3}
		{6861EE48-2C2C-4034-8930-181EBE48CC7A} = {4D321672-9900-4AB8-8197-2EC3DE8FC1C3}
		{CA19B9F8-8521-40C8-8918-33B15B2935D2} = {48E76C82-7974-450D-8CD0-657EED71E553}
		{3A9AD116-CA47-465E-AB89-3AB3346CB661} = {4D321672-9900-4AB8-8197-2EC3DE8FC1C3}
		{1178AD55-557B-454B-98C6-60C262434666} = {4D321672-9900-4AB8-8197-2EC3DE8FC1C3}
		{5A6FA1E2-2E9B-4FAF-93EC-BC6E1EF370DE} = {4D321672-9900-4AB8-8197-2EC3DE8FC1C3}
		{8784B37E-5893-4914-83AB-37BE05054128} = {4D321672-9900-4AB8-8197-2EC3DE8FC1C3}
		{39ADE9BB-4A74-4246-B24B-BDAFBD28B92B} = {8D77D164-614E-4965-B89D-D0E0FF3D2B8E}
		{362F4D48-1622-4FA6-B26E-5F2B58A9949B} = {8D77D164-614E-4965-B89D-D0E0FF3D2B8E}
		{F7B5E062-39A2-49A7-9233-21150F3DFB09} = {22F89540-18C7-41C6-8D93-DE3672383B17}
		{7324889C-E198-4959-903A-4D183C356CB3} = {22F89540-18C7-41C6-8D93-DE3672383B17}
		{6644F06B-8FEB-431B-9020-AC91FD93CCE6} = {4D321672-9900-4AB8-8197-2EC3DE8FC1C3}
		{4863621A-2226-4318-8B40-CCEB8FEB390C} = {4D321672-9900-4AB8-8197-2EC3DE8FC1C3}
		{8D77D164-614E-4965-B89D-D0E0FF3D2B8E} = {71CCDFEE-F414-4E6D-B9E2-C64747551DDC}
		{4AA35604-4C2B-493C-8503-59D49B886DDD} = {71CCDFEE-F414-4E6D-B9E2-C64747551DDC}
		{0BA9CC14-B5FB-4B0A-A99F-61365AD715D2} = {4AA35604-4C2B-493C-8503-59D49B886DDD}
		{BD56CA46-59BB-479B-B621-2C4A28FF42F2} = {4AA35604-4C2B-493C-8503-59D49B886DDD}
		{0FDDA5E5-253B-4C23-8A5C-953FF0B0DC3D} = {8D77D164-614E-4965-B89D-D0E0FF3D2B8E}
		{F87116B4-1B95-408B-8506-709C92F7B650} = {71CCDFEE-F414-4E6D-B9E2-C64747551DDC}
		{98EE1522-BEA7-4CA7-94CF-56F4C986EF3F} = {71CCDFEE-F414-4E6D-B9E2-C64747551DDC}
		{5AB1D7F4-0D37-4D6D-9939-1D6026CD33FD} = {8D77D164-614E-4965-B89D-D0E0FF3D2B8E}
		{7FBBB635-16FF-4E06-B818-35A1D28323ED} = {8D77D164-614E-4965-B89D-D0E0FF3D2B8E}
		{586582C7-C074-4413-B660-EF6BE03A9E12} = {4AA35604-4C2B-493C-8503-59D49B886DDD}
		{26E78563-D27E-4464-95D8-D8D4D71E0AEF} = {4AA35604-4C2B-493C-8503-59D49B886DDD}
	EndGlobalSection
EndGlobal
